
Microsoft Visual Studio Solution File, Format Version 12.00
# Visual Studio Version 17
VisualStudioVersion = 17.8.34330.188
MinimumVisualStudioVersion = 10.0.40219.1
Project("{FAE04EC0-301F-11D3-BF4B-00C04F79EFBC}") = "WebApplication_MVC", "WebApplication_MVC\WebApplication_MVC.csproj", "{FBCF258C-D507-4405-862E-A47324BBDC22}"
EndProject
Global
	GlobalSection(SolutionConfigurationPlatforms) = preSolution
		Debug|Any CPU = Debug|Any CPU
		Release|Any CPU = Release|Any CPU
	EndGlobalSection
	GlobalSection(ProjectConfigurationPlatforms) = postSolution
		{FBCF258C-D507-4405-862E-A47324BBDC22}.Debug|Any CPU.ActiveCfg = Debug|Any CPU
		{FBCF258C-D507-4405-862E-A47324BBDC22}.Debug|Any CPU.Build.0 = Debug|Any CPU
		{FBCF258C-D507-4405-862E-A47324BBDC22}.Release|Any CPU.ActiveCfg = Release|Any CPU
		{FBCF258C-D507-4405-862E-A47324BBDC22}.Release|Any CPU.Build.0 = Release|Any CPU
	EndGlobalSection
	GlobalSection(SolutionProperties) = preSolution
		HideSolutionNode = FALSE
	EndGlobalSection
	GlobalSection(ExtensibilityGlobals) = postSolution
		SolutionGuid = {4B327CC4-2FCF-426D-9836-33141453A1C2}
	EndGlobalSection
EndGlobal
